
Microsoft Visual Studio Solution File, Format Version 12.00
# Visual Studio Version 16
VisualStudioVersion = 16.0.31019.35
MinimumVisualStudioVersion = 10.0.40219.1
Project("{FAE04EC0-301F-11D3-BF4B-00C04F79EFBC}") = "StudentsApp.UWP", "StudentsApp\StudentsApp.UWP\StudentsApp.UWP.csproj", "{C1C041BF-4E5C-4B51-AD85-06AE8D28AD39}"
EndProject
Project("{FAE04EC0-301F-11D3-BF4B-00C04F79EFBC}") = "StudentsApp.Android", "StudentsApp\StudentsApp.Android\StudentsApp.Android.csproj", "{CEF4A081-4B01-4572-B309-423489CEB5A3}"
EndProject
Project("{FAE04EC0-301F-11D3-BF4B-00C04F79EFBC}") = "StudentsApp.iOS", "StudentsApp\StudentsApp.iOS\StudentsApp.iOS.csproj", "{0F3B6A16-9DC7-46BB-B290-68E013A5A828}"
EndProject
Project("{FAE04EC0-301F-11D3-BF4B-00C04F79EFBC}") = "StudentsApp", "StudentsApp\StudentsApp\StudentsApp.csproj", "{AE4242B8-5728-46BC-8A7B-EDB3301A35D0}"
EndProject
Global
	GlobalSection(SolutionConfigurationPlatforms) = preSolution
		Debug|Any CPU = Debug|Any CPU
		Debug|ARM = Debug|ARM
		Debug|iPhone = Debug|iPhone
		Debug|iPhoneSimulator = Debug|iPhoneSimulator
		Debug|x64 = Debug|x64
		Debug|x86 = Debug|x86
		Release|Any CPU = Release|Any CPU
		Release|ARM = Release|ARM
		Release|iPhone = Release|iPhone
		Release|iPhoneSimulator = Release|iPhoneSimulator
		Release|x64 = Release|x64
		Release|x86 = Release|x86
	EndGlobalSection
	GlobalSection(ProjectConfigurationPlatforms) = postSolution
		{C1C041BF-4E5C-4B51-AD85-06AE8D28AD39}.Debug|Any CPU.ActiveCfg = Debug|x86
		{C1C041BF-4E5C-4B51-AD85-06AE8D28AD39}.Debug|Any CPU.Build.0 = Debug|x86
		{C1C041BF-4E5C-4B51-AD85-06AE8D28AD39}.Debug|Any CPU.Deploy.0 = Debug|x86
		{C1C041BF-4E5C-4B51-AD85-06AE8D28AD39}.Debug|ARM.ActiveCfg = Debug|ARM
		{C1C041BF-4E5C-4B51-AD85-06AE8D28AD39}.Debug|ARM.Build.0 = Debug|ARM
		{C1C041BF-4E5C-4B51-AD85-06AE8D28AD39}.Debug|ARM.Deploy.0 = Debug|ARM
		{C1C041BF-4E5C-4B51-AD85-06AE8D28AD39}.Debug|iPhone.ActiveCfg = Debug|x86
		{C1C041BF-4E5C-4B51-AD85-06AE8D28AD39}.Debug|iPhone.Build.0 = Debug|x86
		{C1C041BF-4E5C-4B51-AD85-06AE8D28AD39}.Debug|iPhone.Deploy.0 = Debug|x86
		{C1C041BF-4E5C-4B51-AD85-06AE8D28AD39}.Debug|iPhoneSimulator.ActiveCfg = Debug|x86
		{C1C041BF-4E5C-4B51-AD85-06AE8D28AD39}.Debug|iPhoneSimulator.Build.0 = Debug|x86
		{C1C041BF-4E5C-4B51-AD85-06AE8D28AD39}.Debug|iPhoneSimulator.Deploy.0 = Debug|x86
		{C1C041BF-4E5C-4B51-AD85-06AE8D28AD39}.Debug|x64.ActiveCfg = Debug|x64
		{C1C041BF-4E5C-4B51-AD85-06AE8D28AD39}.Debug|x64.Build.0 = Debug|x64
		{C1C041BF-4E5C-4B51-AD85-06AE8D28AD39}.Debug|x64.Deploy.0 = Debug|x64
		{C1C041BF-4E5C-4B51-AD85-06AE8D28AD39}.Debug|x86.ActiveCfg = Debug|x86
		{C1C041BF-4E5C-4B51-AD85-06AE8D28AD39}.Debug|x86.Build.0 = Debug|x86
		{C1C041BF-4E5C-4B51-AD85-06AE8D28AD39}.Debug|x86.Deploy.0 = Debug|x86
		{C1C041BF-4E5C-4B51-AD85-06AE8D28AD39}.Release|Any CPU.ActiveCfg = Release|x86
		{C1C041BF-4E5C-4B51-AD85-06AE8D28AD39}.Release|Any CPU.Build.0 = Release|x86
		{C1C041BF-4E5C-4B51-AD85-06AE8D28AD39}.Release|Any CPU.Deploy.0 = Release|x86
		{C1C041BF-4E5C-4B51-AD85-06AE8D28AD39}.Release|ARM.ActiveCfg = Release|ARM
		{C1C041BF-4E5C-4B51-AD85-06AE8D28AD39}.Release|ARM.Build.0 = Release|ARM
		{C1C041BF-4E5C-4B51-AD85-06AE8D28AD39}.Release|ARM.Deploy.0 = Release|ARM
		{C1C041BF-4E5C-4B51-AD85-06AE8D28AD39}.Release|iPhone.ActiveCfg = Release|x86
		{C1C041BF-4E5C-4B51-AD85-06AE8D28AD39}.Release|iPhone.Build.0 = Release|x86
		{C1C041BF-4E5C-4B51-AD85-06AE8D28AD39}.Release|iPhone.Deploy.0 = Release|x86
		{C1C041BF-4E5C-4B51-AD85-06AE8D28AD39}.Release|iPhoneSimulator.ActiveCfg = Release|x86
		{C1C041BF-4E5C-4B51-AD85-06AE8D28AD39}.Release|iPhoneSimulator.Build.0 = Release|x86
		{C1C041BF-4E5C-4B51-AD85-06AE8D28AD39}.Release|iPhoneSimulator.Deploy.0 = Release|x86
		{C1C041BF-4E5C-4B51-AD85-06AE8D28AD39}.Release|x64.ActiveCfg = Release|x64
		{C1C041BF-4E5C-4B51-AD85-06AE8D28AD39}.Release|x64.Build.0 = Release|x64
		{C1C041BF-4E5C-4B51-AD85-06AE8D28AD39}.Release|x64.Deploy.0 = Release|x64
		{C1C041BF-4E5C-4B51-AD85-06AE8D28AD39}.Release|x86.ActiveCfg = Release|x86
		{C1C041BF-4E5C-4B51-AD85-06AE8D28AD39}.Release|x86.Build.0 = Release|x86
		{C1C041BF-4E5C-4B51-AD85-06AE8D28AD39}.Release|x86.Deploy.0 = Release|x86
		{CEF4A081-4B01-4572-B309-423489CEB5A3}.Debug|Any CPU.ActiveCfg = Debug|Any CPU
		{CEF4A081-4B01-4572-B309-423489CEB5A3}.Debug|Any CPU.Build.0 = Debug|Any CPU
		{CEF4A081-4B01-4572-B309-423489CEB5A3}.Debug|Any CPU.Deploy.0 = Debug|Any CPU
		{CEF4A081-4B01-4572-B309-423489CEB5A3}.Debug|ARM.ActiveCfg = Debug|Any CPU
		{CEF4A081-4B01-4572-B309-423489CEB5A3}.Debug|ARM.Build.0 = Debug|Any CPU
		{CEF4A081-4B01-4572-B309-423489CEB5A3}.Debug|ARM.Deploy.0 = Debug|Any CPU
		{CEF4A081-4B01-4572-B309-423489CEB5A3}.Debug|iPhone.ActiveCfg = Debug|Any CPU
		{CEF4A081-4B01-4572-B309-423489CEB5A3}.Debug|iPhone.Build.0 = Debug|Any CPU
		{CEF4A081-4B01-4572-B309-423489CEB5A3}.Debug|iPhone.Deploy.0 = Debug|Any CPU
		{CEF4A081-4B01-4572-B309-423489CEB5A3}.Debug|iPhoneSimulator.ActiveCfg = Debug|Any CPU
		{CEF4A081-4B01-4572-B309-423489CEB5A3}.Debug|iPhoneSimulator.Build.0 = Debug|Any CPU
		{CEF4A081-4B01-4572-B309-423489CEB5A3}.Debug|iPhoneSimulator.Deploy.0 = Debug|Any CPU
		{CEF4A081-4B01-4572-B309-423489CEB5A3}.Debug|x64.ActiveCfg = Debug|Any CPU
		{CEF4A081-4B01-4572-B309-423489CEB5A3}.Debug|x64.Build.0 = Debug|Any CPU
		{CEF4A081-4B01-4572-B309-423489CEB5A3}.Debug|x64.Deploy.0 = Debug|Any CPU
		{CEF4A081-4B01-4572-B309-423489CEB5A3}.Debug|x86.ActiveCfg = Debug|Any CPU
		{CEF4A081-4B01-4572-B309-423489CEB5A3}.Debug|x86.Build.0 = Debug|Any CPU
		{CEF4A081-4B01-4572-B309-423489CEB5A3}.Debug|x86.Deploy.0 = Debug|Any CPU
		{CEF4A081-4B01-4572-B309-423489CEB5A3}.Release|Any CPU.ActiveCfg = Release|Any CPU
		{CEF4A081-4B01-4572-B309-423489CEB5A3}.Release|Any CPU.Build.0 = Release|Any CPU
		{CEF4A081-4B01-4572-B309-423489CEB5A3}.Release|Any CPU.Deploy.0 = Release|Any CPU
		{CEF4A081-4B01-4572-B309-423489CEB5A3}.Release|ARM.ActiveCfg = Release|Any CPU
		{CEF4A081-4B01-4572-B309-423489CEB5A3}.Release|ARM.Build.0 = Release|Any CPU
		{CEF4A081-4B01-4572-B309-423489CEB5A3}.Release|ARM.Deploy.0 = Release|Any CPU
		{CEF4A081-4B01-4572-B309-423489CEB5A3}.Release|iPhone.ActiveCfg = Release|Any CPU
		{CEF4A081-4B01-4572-B309-423489CEB5A3}.Release|iPhone.Build.0 = Release|Any CPU
		{CEF4A081-4B01-4572-B309-423489CEB5A3}.Release|iPhone.Deploy.0 = Release|Any CPU
		{CEF4A081-4B01-4572-B309-423489CEB5A3}.Release|iPhoneSimulator.ActiveCfg = Release|Any CPU
		{CEF4A081-4B01-4572-B309-423489CEB5A3}.Release|iPhoneSimulator.Build.0 = Release|Any CPU
		{CEF4A081-4B01-4572-B309-423489CEB5A3}.Release|iPhoneSimulator.Deploy.0 = Release|Any CPU
		{CEF4A081-4B01-4572-B309-423489CEB5A3}.Release|x64.ActiveCfg = Release|Any CPU
		{CEF4A081-4B01-4572-B309-423489CEB5A3}.Release|x64.Build.0 = Release|Any CPU
		{CEF4A081-4B01-4572-B309-423489CEB5A3}.Release|x64.Deploy.0 = Release|Any CPU
		{CEF4A081-4B01-4572-B309-423489CEB5A3}.Release|x86.ActiveCfg = Release|Any CPU
		{CEF4A081-4B01-4572-B309-423489CEB5A3}.Release|x86.Build.0 = Release|Any CPU
		{CEF4A081-4B01-4572-B309-423489CEB5A3}.Release|x86.Deploy.0 = Release|Any CPU
		{0F3B6A16-9DC7-46BB-B290-68E013A5A828}.Debug|Any CPU.ActiveCfg = Debug|iPhoneSimulator
		{0F3B6A16-9DC7-46BB-B290-68E013A5A828}.Debug|Any CPU.Build.0 = Debug|iPhoneSimulator
		{0F3B6A16-9DC7-46BB-B290-68E013A5A828}.Debug|Any CPU.Deploy.0 = Debug|iPhoneSimulator
		{0F3B6A16-9DC7-46BB-B290-68E013A5A828}.Debug|ARM.ActiveCfg = Debug|iPhone
		{0F3B6A16-9DC7-46BB-B290-68E013A5A828}.Debug|ARM.Build.0 = Debug|iPhone
		{0F3B6A16-9DC7-46BB-B290-68E013A5A828}.Debug|ARM.Deploy.0 = Debug|iPhone
		{0F3B6A16-9DC7-46BB-B290-68E013A5A828}.Debug|iPhone.ActiveCfg = Debug|iPhone
		{0F3B6A16-9DC7-46BB-B290-68E013A5A828}.Debug|iPhone.Build.0 = Debug|iPhone
		{0F3B6A16-9DC7-46BB-B290-68E013A5A828}.Debug|iPhone.Deploy.0 = Debug|iPhone
		{0F3B6A16-9DC7-46BB-B290-68E013A5A828}.Debug|iPhoneSimulator.ActiveCfg = Debug|iPhoneSimulator
		{0F3B6A16-9DC7-46BB-B290-68E013A5A828}.Debug|iPhoneSimulator.Build.0 = Debug|iPhoneSimulator
		{0F3B6A16-9DC7-46BB-B290-68E013A5A828}.Debug|iPhoneSimulator.Deploy.0 = Debug|iPhoneSimulator
		{0F3B6A16-9DC7-46BB-B290-68E013A5A828}.Debug|x64.ActiveCfg = Debug|iPhoneSimulator
		{0F3B6A16-9DC7-46BB-B290-68E013A5A828}.Debug|x64.Build.0 = Debug|iPhoneSimulator
		{0F3B6A16-9DC7-46BB-B290-68E013A5A828}.Debug|x64.Deploy.0 = Debug|iPhoneSimulator
		{0F3B6A16-9DC7-46BB-B290-68E013A5A828}.Debug|x86.ActiveCfg = Debug|iPhoneSimulator
		{0F3B6A16-9DC7-46BB-B290-68E013A5A828}.Debug|x86.Build.0 = Debug|iPhoneSimulator
		{0F3B6A16-9DC7-46BB-B290-68E013A5A828}.Debug|x86.Deploy.0 = Debug|iPhoneSimulator
		{0F3B6A16-9DC7-46BB-B290-68E013A5A828}.Release|Any CPU.ActiveCfg = Release|iPhoneSimulator
		{0F3B6A16-9DC7-46BB-B290-68E013A5A828}.Release|Any CPU.Build.0 = Release|iPhoneSimulator
		{0F3B6A16-9DC7-46BB-B290-68E013A5A828}.Release|Any CPU.Deploy.0 = Release|iPhoneSimulator
		{0F3B6A16-9DC7-46BB-B290-68E013A5A828}.Release|ARM.ActiveCfg = Release|iPhoneSimulator
		{0F3B6A16-9DC7-46BB-B290-68E013A5A828}.Release|ARM.Build.0 = Release|iPhoneSimulator
		{0F3B6A16-9DC7-46BB-B290-68E013A5A828}.Release|ARM.Deploy.0 = Release|iPhoneSimulator
		{0F3B6A16-9DC7-46BB-B290-68E013A5A828}.Release|iPhone.ActiveCfg = Release|iPhone
		{0F3B6A16-9DC7-46BB-B290-68E013A5A828}.Release|iPhone.Build.0 = Release|iPhone
		{0F3B6A16-9DC7-46BB-B290-68E013A5A828}.Release|iPhone.Deploy.0 = Release|iPhone
		{0F3B6A16-9DC7-46BB-B290-68E013A5A828}.Release|iPhoneSimulator.ActiveCfg = Release|iPhoneSimulator
		{0F3B6A16-9DC7-46BB-B290-68E013A5A828}.Release|iPhoneSimulator.Build.0 = Release|iPhoneSimulator
		{0F3B6A16-9DC7-46BB-B290-68E013A5A828}.Release|iPhoneSimulator.Deploy.0 = Release|iPhoneSimulator
		{0F3B6A16-9DC7-46BB-B290-68E013A5A828}.Release|x64.ActiveCfg = Release|iPhoneSimulator
		{0F3B6A16-9DC7-46BB-B290-68E013A5A828}.Release|x64.Build.0 = Release|iPhoneSimulator
		{0F3B6A16-9DC7-46BB-B290-68E013A5A828}.Release|x64.Deploy.0 = Release|iPhoneSimulator
		{0F3B6A16-9DC7-46BB-B290-68E013A5A828}.Release|x86.ActiveCfg = Release|iPhoneSimulator
		{0F3B6A16-9DC7-46BB-B290-68E013A5A828}.Release|x86.Build.0 = Release|iPhoneSimulator
		{0F3B6A16-9DC7-46BB-B290-68E013A5A828}.Release|x86.Deploy.0 = Release|iPhoneSimulator
		{AE4242B8-5728-46BC-8A7B-EDB3301A35D0}.Debug|Any CPU.ActiveCfg = Debug|Any CPU
		{AE4242B8-5728-46BC-8A7B-EDB3301A35D0}.Debug|Any CPU.Build.0 = Debug|Any CPU
		{AE4242B8-5728-46BC-8A7B-EDB3301A35D0}.Debug|Any CPU.Deploy.0 = Debug|Any CPU
		{AE4242B8-5728-46BC-8A7B-EDB3301A35D0}.Debug|ARM.ActiveCfg = Debug|Any CPU
		{AE4242B8-5728-46BC-8A7B-EDB3301A35D0}.Debug|ARM.Build.0 = Debug|Any CPU
		{AE4242B8-5728-46BC-8A7B-EDB3301A35D0}.Debug|ARM.Deploy.0 = Debug|Any CPU
		{AE4242B8-5728-46BC-8A7B-EDB3301A35D0}.Debug|iPhone.ActiveCfg = Debug|Any CPU
		{AE4242B8-5728-46BC-8A7B-EDB3301A35D0}.Debug|iPhone.Build.0 = Debug|Any CPU
		{AE4242B8-5728-46BC-8A7B-EDB3301A35D0}.Debug|iPhone.Deploy.0 = Debug|Any CPU
		{AE4242B8-5728-46BC-8A7B-EDB3301A35D0}.Debug|iPhoneSimulator.ActiveCfg = Debug|Any CPU
		{AE4242B8-5728-46BC-8A7B-EDB3301A35D0}.Debug|iPhoneSimulator.Build.0 = Debug|Any CPU
		{AE4242B8-5728-46BC-8A7B-EDB3301A35D0}.Debug|iPhoneSimulator.Deploy.0 = Debug|Any CPU
		{AE4242B8-5728-46BC-8A7B-EDB3301A35D0}.Debug|x64.ActiveCfg = Debug|Any CPU
		{AE4242B8-5728-46BC-8A7B-EDB3301A35D0}.Debug|x64.Build.0 = Debug|Any CPU
		{AE4242B8-5728-46BC-8A7B-EDB3301A35D0}.Debug|x64.Deploy.0 = Debug|Any CPU
		{AE4242B8-5728-46BC-8A7B-EDB3301A35D0}.Debug|x86.ActiveCfg = Debug|Any CPU
		{AE4242B8-5728-46BC-8A7B-EDB3301A35D0}.Debug|x86.Build.0 = Debug|Any CPU
		{AE4242B8-5728-46BC-8A7B-EDB3301A35D0}.Debug|x86.Deploy.0 = Debug|Any CPU
		{AE4242B8-5728-46BC-8A7B-EDB3301A35D0}.Release|Any CPU.ActiveCfg = Release|Any CPU
		{AE4242B8-5728-46BC-8A7B-EDB3301A35D0}.Release|Any CPU.Build.0 = Release|Any CPU
		{AE4242B8-5728-46BC-8A7B-EDB3301A35D0}.Release|Any CPU.Deploy.0 = Release|Any CPU
		{AE4242B8-5728-46BC-8A7B-EDB3301A35D0}.Release|ARM.ActiveCfg = Release|Any CPU
		{AE4242B8-5728-46BC-8A7B-EDB3301A35D0}.Release|ARM.Build.0 = Release|Any CPU
		{AE4242B8-5728-46BC-8A7B-EDB3301A35D0}.Release|ARM.Deploy.0 = Release|Any CPU
		{AE4242B8-5728-46BC-8A7B-EDB3301A35D0}.Release|iPhone.ActiveCfg = Release|Any CPU
		{AE4242B8-5728-46BC-8A7B-EDB3301A35D0}.Release|iPhone.Build.0 = Release|Any CPU
		{AE4242B8-5728-46BC-8A7B-EDB3301A35D0}.Release|iPhone.Deploy.0 = Release|Any CPU
		{AE4242B8-5728-46BC-8A7B-EDB3301A35D0}.Release|iPhoneSimulator.ActiveCfg = Release|Any CPU
		{AE4242B8-5728-46BC-8A7B-EDB3301A35D0}.Release|iPhoneSimulator.Build.0 = Release|Any CPU
		{AE4242B8-5728-46BC-8A7B-EDB3301A35D0}.Release|iPhoneSimulator.Deploy.0 = Release|Any CPU
		{AE4242B8-5728-46BC-8A7B-EDB3301A35D0}.Release|x64.ActiveCfg = Release|Any CPU
		{AE4242B8-5728-46BC-8A7B-EDB3301A35D0}.Release|x64.Build.0 = Release|Any CPU
		{AE4242B8-5728-46BC-8A7B-EDB3301A35D0}.Release|x64.Deploy.0 = Release|Any CPU
		{AE4242B8-5728-46BC-8A7B-EDB3301A35D0}.Release|x86.ActiveCfg = Release|Any CPU
		{AE4242B8-5728-46BC-8A7B-EDB3301A35D0}.Release|x86.Build.0 = Release|Any CPU
		{AE4242B8-5728-46BC-8A7B-EDB3301A35D0}.Release|x86.Deploy.0 = Release|Any CPU
	EndGlobalSection
	GlobalSection(SolutionProperties) = preSolution
		HideSolutionNode = FALSE
	EndGlobalSection
	GlobalSection(ExtensibilityGlobals) = postSolution
		SolutionGuid = {C99B817D-5227-4B18-BA24-235D95C216D2}
	EndGlobalSection
EndGlobal
